
Microsoft Visual Studio Solution File, Format Version 12.00
# Visual Studio Version 17
VisualStudioVersion = 17.3.32929.385
MinimumVisualStudioVersion = 10.0.40219.1
Project("{778DAE3C-4631-46EA-AA77-85C1314464D9}") = "z1g Project Hub Universal", "z1g Project Hub Universal\z1g Project Hub Universal.vbproj", "{05182897-EE51-4FC4-9CB9-CCBF03C76510}"
EndProject
Project("{778DAE3C-4631-46EA-AA77-85C1314464D9}") = "update", "update\update.vbproj", "{3DB83222-D484-4531-80CF-3C26A0CBB7D0}"
EndProject
Project("{9A19103F-16F7-4668-BE54-9A1E7A4F7556}") = "Terbium", "Terbium\Terbium.csproj", "{1731D10B-A308-4DF5-9514-33B5E3D1FCD8}"
EndProject
Project("{9A19103F-16F7-4668-BE54-9A1E7A4F7556}") = "Velocity", "Velocity\Velocity.csproj", "{BFBEF9C5-DC43-436F-BFC6-10D7E04BB042}"
EndProject
Project("{778DAE3C-4631-46EA-AA77-85C1314464D9}") = "Terbium-bootstrap", "Terbium-bootstrap\Terbium-bootstrap.vbproj", "{6323D6D4-54DF-4C12-8B0E-20F5D625211C}"
EndProject
Project("{778DAE3C-4631-46EA-AA77-85C1314464D9}") = "setup-silent", "setup-silent\setup-silent.vbproj", "{421CC5FE-A5FA-4BDF-8825-8ED1C5FB9659}"
EndProject
Project("{9A19103F-16F7-4668-BE54-9A1E7A4F7556}") = "z1g Browser", "z1g Browser\z1g Browser.csproj", "{8BF655EF-154F-4978-B3B6-202C94108E72}"
EndProject
Global
	GlobalSection(SolutionConfigurationPlatforms) = preSolution
		Debug|Any CPU = Debug|Any CPU
		Debug|x64 = Debug|x64
		Debug|x86 = Debug|x86
		Release|Any CPU = Release|Any CPU
		Release|x64 = Release|x64
		Release|x86 = Release|x86
	EndGlobalSection
	GlobalSection(ProjectConfigurationPlatforms) = postSolution
		{05182897-EE51-4FC4-9CB9-CCBF03C76510}.Debug|Any CPU.ActiveCfg = Debug|Any CPU
		{05182897-EE51-4FC4-9CB9-CCBF03C76510}.Debug|Any CPU.Build.0 = Debug|Any CPU
		{05182897-EE51-4FC4-9CB9-CCBF03C76510}.Debug|x64.ActiveCfg = Debug|Any CPU
		{05182897-EE51-4FC4-9CB9-CCBF03C76510}.Debug|x64.Build.0 = Debug|Any CPU
		{05182897-EE51-4FC4-9CB9-CCBF03C76510}.Debug|x86.ActiveCfg = Debug|Any CPU
		{05182897-EE51-4FC4-9CB9-CCBF03C76510}.Debug|x86.Build.0 = Debug|Any CPU
		{05182897-EE51-4FC4-9CB9-CCBF03C76510}.Release|Any CPU.ActiveCfg = Release|Any CPU
		{05182897-EE51-4FC4-9CB9-CCBF03C76510}.Release|Any CPU.Build.0 = Release|Any CPU
		{05182897-EE51-4FC4-9CB9-CCBF03C76510}.Release|x64.ActiveCfg = Release|Any CPU
		{05182897-EE51-4FC4-9CB9-CCBF03C76510}.Release|x64.Build.0 = Release|Any CPU
		{05182897-EE51-4FC4-9CB9-CCBF03C76510}.Release|x86.ActiveCfg = Release|Any CPU
		{05182897-EE51-4FC4-9CB9-CCBF03C76510}.Release|x86.Build.0 = Release|Any CPU
		{3DB83222-D484-4531-80CF-3C26A0CBB7D0}.Debug|Any CPU.ActiveCfg = Debug|Any CPU
		{3DB83222-D484-4531-80CF-3C26A0CBB7D0}.Debug|Any CPU.Build.0 = Debug|Any CPU
		{3DB83222-D484-4531-80CF-3C26A0CBB7D0}.Debug|x64.ActiveCfg = Debug|Any CPU
		{3DB83222-D484-4531-80CF-3C26A0CBB7D0}.Debug|x64.Build.0 = Debug|Any CPU
		{3DB83222-D484-4531-80CF-3C26A0CBB7D0}.Debug|x86.ActiveCfg = Debug|Any CPU
		{3DB83222-D484-4531-80CF-3C26A0CBB7D0}.Debug|x86.Build.0 = Debug|Any CPU
		{3DB83222-D484-4531-80CF-3C26A0CBB7D0}.Release|Any CPU.ActiveCfg = Release|Any CPU
		{3DB83222-D484-4531-80CF-3C26A0CBB7D0}.Release|Any CPU.Build.0 = Release|Any CPU
		{3DB83222-D484-4531-80CF-3C26A0CBB7D0}.Release|x64.ActiveCfg = Release|Any CPU
		{3DB83222-D484-4531-80CF-3C26A0CBB7D0}.Release|x64.Build.0 = Release|Any CPU
		{3DB83222-D484-4531-80CF-3C26A0CBB7D0}.Release|x86.ActiveCfg = Release|Any CPU
		{3DB83222-D484-4531-80CF-3C26A0CBB7D0}.Release|x86.Build.0 = Release|Any CPU
		{1731D10B-A308-4DF5-9514-33B5E3D1FCD8}.Debug|Any CPU.ActiveCfg = Debug|Any CPU
		{1731D10B-A308-4DF5-9514-33B5E3D1FCD8}.Debug|Any CPU.Build.0 = Debug|Any CPU
		{1731D10B-A308-4DF5-9514-33B5E3D1FCD8}.Debug|x64.ActiveCfg = Debug|x64
		{1731D10B-A308-4DF5-9514-33B5E3D1FCD8}.Debug|x64.Build.0 = Debug|x64
		{1731D10B-A308-4DF5-9514-33B5E3D1FCD8}.Debug|x86.ActiveCfg = Debug|Any CPU
		{1731D10B-A308-4DF5-9514-33B5E3D1FCD8}.Debug|x86.Build.0 = Debug|Any CPU
		{1731D10B-A308-4DF5-9514-33B5E3D1FCD8}.Release|Any CPU.ActiveCfg = Release|Any CPU
		{1731D10B-A308-4DF5-9514-33B5E3D1FCD8}.Release|Any CPU.Build.0 = Release|Any CPU
		{1731D10B-A308-4DF5-9514-33B5E3D1FCD8}.Release|x64.ActiveCfg = Release|x64
		{1731D10B-A308-4DF5-9514-33B5E3D1FCD8}.Release|x64.Build.0 = Release|x64
		{1731D10B-A308-4DF5-9514-33B5E3D1FCD8}.Release|x86.ActiveCfg = Release|Any CPU
		{1731D10B-A308-4DF5-9514-33B5E3D1FCD8}.Release|x86.Build.0 = Release|Any CPU
		{BFBEF9C5-DC43-436F-BFC6-10D7E04BB042}.Debug|Any CPU.ActiveCfg = Debug|Any CPU
		{BFBEF9C5-DC43-436F-BFC6-10D7E04BB042}.Debug|Any CPU.Build.0 = Debug|Any CPU
		{BFBEF9C5-DC43-436F-BFC6-10D7E04BB042}.Debug|x64.ActiveCfg = Debug|x64
		{BFBEF9C5-DC43-436F-BFC6-10D7E04BB042}.Debug|x64.Build.0 = Debug|x64
		{BFBEF9C5-DC43-436F-BFC6-10D7E04BB042}.Debug|x86.ActiveCfg = Debug|Any CPU
		{BFBEF9C5-DC43-436F-BFC6-10D7E04BB042}.Debug|x86.Build.0 = Debug|Any CPU
		{BFBEF9C5-DC43-436F-BFC6-10D7E04BB042}.Release|Any CPU.ActiveCfg = Release|Any CPU
		{BFBEF9C5-DC43-436F-BFC6-10D7E04BB042}.Release|Any CPU.Build.0 = Release|Any CPU
		{BFBEF9C5-DC43-436F-BFC6-10D7E04BB042}.Release|x64.ActiveCfg = Release|x64
		{BFBEF9C5-DC43-436F-BFC6-10D7E04BB042}.Release|x64.Build.0 = Release|x64
		{BFBEF9C5-DC43-436F-BFC6-10D7E04BB042}.Release|x86.ActiveCfg = Release|Any CPU
		{BFBEF9C5-DC43-436F-BFC6-10D7E04BB042}.Release|x86.Build.0 = Release|Any CPU
		{6323D6D4-54DF-4C12-8B0E-20F5D625211C}.Debug|Any CPU.ActiveCfg = Debug|Any CPU
		{6323D6D4-54DF-4C12-8B0E-20F5D625211C}.Debug|Any CPU.Build.0 = Debug|Any CPU
		{6323D6D4-54DF-4C12-8B0E-20F5D625211C}.Debug|x64.ActiveCfg = Debug|Any CPU
		{6323D6D4-54DF-4C12-8B0E-20F5D625211C}.Debug|x64.Build.0 = Debug|Any CPU
		{6323D6D4-54DF-4C12-8B0E-20F5D625211C}.Debug|x86.ActiveCfg = Debug|Any CPU
		{6323D6D4-54DF-4C12-8B0E-20F5D625211C}.Debug|x86.Build.0 = Debug|Any CPU
		{6323D6D4-54DF-4C12-8B0E-20F5D625211C}.Release|Any CPU.ActiveCfg = Release|Any CPU
		{6323D6D4-54DF-4C12-8B0E-20F5D625211C}.Release|Any CPU.Build.0 = Release|Any CPU
		{6323D6D4-54DF-4C12-8B0E-20F5D625211C}.Release|x64.ActiveCfg = Release|Any CPU
		{6323D6D4-54DF-4C12-8B0E-20F5D625211C}.Release|x64.Build.0 = Release|Any CPU
		{6323D6D4-54DF-4C12-8B0E-20F5D625211C}.Release|x86.ActiveCfg = Release|Any CPU
		{6323D6D4-54DF-4C12-8B0E-20F5D625211C}.Release|x86.Build.0 = Release|Any CPU
		{421CC5FE-A5FA-4BDF-8825-8ED1C5FB9659}.Debug|Any CPU.ActiveCfg = Debug|Any CPU
		{421CC5FE-A5FA-4BDF-8825-8ED1C5FB9659}.Debug|Any CPU.Build.0 = Debug|Any CPU
		{421CC5FE-A5FA-4BDF-8825-8ED1C5FB9659}.Debug|x64.ActiveCfg = Debug|Any CPU
		{421CC5FE-A5FA-4BDF-8825-8ED1C5FB9659}.Debug|x64.Build.0 = Debug|Any CPU
		{421CC5FE-A5FA-4BDF-8825-8ED1C5FB9659}.Debug|x86.ActiveCfg = Debug|Any CPU
		{421CC5FE-A5FA-4BDF-8825-8ED1C5FB9659}.Debug|x86.Build.0 = Debug|Any CPU
		{421CC5FE-A5FA-4BDF-8825-8ED1C5FB9659}.Release|Any CPU.ActiveCfg = Release|Any CPU
		{421CC5FE-A5FA-4BDF-8825-8ED1C5FB9659}.Release|Any CPU.Build.0 = Release|Any CPU
		{421CC5FE-A5FA-4BDF-8825-8ED1C5FB9659}.Release|x64.ActiveCfg = Release|Any CPU
		{421CC5FE-A5FA-4BDF-8825-8ED1C5FB9659}.Release|x64.Build.0 = Release|Any CPU
		{421CC5FE-A5FA-4BDF-8825-8ED1C5FB9659}.Release|x86.ActiveCfg = Release|Any CPU
		{421CC5FE-A5FA-4BDF-8825-8ED1C5FB9659}.Release|x86.Build.0 = Release|Any CPU
		{8BF655EF-154F-4978-B3B6-202C94108E72}.Debug|Any CPU.ActiveCfg = Debug|Any CPU
		{8BF655EF-154F-4978-B3B6-202C94108E72}.Debug|Any CPU.Build.0 = Debug|Any CPU
		{8BF655EF-154F-4978-B3B6-202C94108E72}.Debug|x64.ActiveCfg = Debug|Any CPU
		{8BF655EF-154F-4978-B3B6-202C94108E72}.Debug|x64.Build.0 = Debug|Any CPU
		{8BF655EF-154F-4978-B3B6-202C94108E72}.Debug|x86.ActiveCfg = Debug|x86
		{8BF655EF-154F-4978-B3B6-202C94108E72}.Debug|x86.Build.0 = Debug|x86
		{8BF655EF-154F-4978-B3B6-202C94108E72}.Release|Any CPU.ActiveCfg = Release|Any CPU
		{8BF655EF-154F-4978-B3B6-202C94108E72}.Release|Any CPU.Build.0 = Release|Any CPU
		{8BF655EF-154F-4978-B3B6-202C94108E72}.Release|x64.ActiveCfg = Release|Any CPU
		{8BF655EF-154F-4978-B3B6-202C94108E72}.Release|x64.Build.0 = Release|Any CPU
		{8BF655EF-154F-4978-B3B6-202C94108E72}.Release|x86.ActiveCfg = Release|x86
		{8BF655EF-154F-4978-B3B6-202C94108E72}.Release|x86.Build.0 = Release|x86
	EndGlobalSection
	GlobalSection(SolutionProperties) = preSolution
		HideSolutionNode = FALSE
	EndGlobalSection
	GlobalSection(ExtensibilityGlobals) = postSolution
		SolutionGuid = {08A09735-54BD-49C9-B6F2-F8D7AD830C2B}
	EndGlobalSection
EndGlobal
